
Microsoft Visual Studio Solution File, Format Version 12.00
# Visual Studio 14
VisualStudioVersion = 14.0.25420.1
MinimumVisualStudioVersion = 10.0.40219.1
Project("{8BC9CEB8-8B4A-11D0-8D11-00A0C91BC942}") = "CreateDevice", "CreateDevice\CreateDevice.vcxproj", "{F9B096A5-63E6-4385-943F-66A3F15DBC77}"
EndProject
Project("{8BC9CEB8-8B4A-11D0-8D11-00A0C91BC942}") = "CreateDeviceWin32", "CreateDeviceWin32\CreateDeviceWin32.vcxproj", "{ABDFAC14-3921-448D-9CD3-FE83C447BFBA}"
EndProject
Project("{8BC9CEB8-8B4A-11D0-8D11-00A0C91BC942}") = "DirectXLightExample", "DirectXLightExample\DirectXLightExample.vcxproj", "{6AC0CF9F-4FB7-4702-B940-0E75AD6C03D8}"
EndProject
Project("{8BC9CEB8-8B4A-11D0-8D11-00A0C91BC942}") = "D3DXTexture", "D3DXTexture\D3DXTexture.vcxproj", "{87C7BE1A-F73C-4B8E-A9D1-BEB5E1E6742B}"
EndProject
Project("{8BC9CEB8-8B4A-11D0-8D11-00A0C91BC942}") = "MeshFile", "MeshFile\MeshFile.vcxproj", "{BC693DB4-437A-41A1-8264-2AEE9E26937C}"
EndProject
Project("{8BC9CEB8-8B4A-11D0-8D11-00A0C91BC942}") = "IndexBuffer", "IndexBuffer\IndexBuffer.vcxproj", "{26935EF4-9A84-450E-898C-2A0C2199A2D0}"
EndProject
Project("{8BC9CEB8-8B4A-11D0-8D11-00A0C91BC942}") = "DxutSample", "DxutSample\DxutSample.vcxproj", "{B2816A44-C1D2-482A-B490-FE8A74DFA76E}"
EndProject
Project("{8BC9CEB8-8B4A-11D0-8D11-00A0C91BC942}") = "LightMapping", "LightMapping\LightMapping.vcxproj", "{E9AB061B-7688-427E-B29C-30FDD5E8EF38}"
EndProject
Project("{8BC9CEB8-8B4A-11D0-8D11-00A0C91BC942}") = "DrawBillboard", "DrawBillboard\DrawBillboard.vcxproj", "{87B6FB8A-1880-480C-A251-0CB2E2D91FE8}"
EndProject
Project("{8BC9CEB8-8B4A-11D0-8D11-00A0C91BC942}") = "NormalMapping", "NormalMapping\NormalMapping.vcxproj", "{FEE8F717-590C-43CC-866E-0783328E519E}"
EndProject
Project("{8BC9CEB8-8B4A-11D0-8D11-00A0C91BC942}") = "Hierarchy", "Hierarchy\Hierarchy.vcxproj", "{7D6AB8B3-4BB9-4767-83F5-4F5AC3800532}"
EndProject
Project("{8BC9CEB8-8B4A-11D0-8D11-00A0C91BC942}") = "KeyFrameAnimation", "KeyFrameAnimation\KeyFrameAnimation.vcxproj", "{5A059211-FE0A-4B65-BAC7-5FA5A9E3B74B}"
EndProject
Project("{8BC9CEB8-8B4A-11D0-8D11-00A0C91BC942}") = "Skinning1", "Skinning1\Skinning1.vcxproj", "{87495C4E-3A41-42AD-9B12-F9404C909AC7}"
EndProject
Project("{8BC9CEB8-8B4A-11D0-8D11-00A0C91BC942}") = "HeightMap-TList", "HeightMap-TList\HeightMap-TList.vcxproj", "{ABDA61A8-8291-42C5-B3F0-BE7B0C9ED3D3}"
EndProject
Project("{8BC9CEB8-8B4A-11D0-8D11-00A0C91BC942}") = "HeightMap-Cam", "HeightMap-Cam\HeightMap-Cam.vcxproj", "{BD9423DC-EE36-4222-986A-57DD1CA99F3A}"
EndProject
Project("{8BC9CEB8-8B4A-11D0-8D11-00A0C91BC942}") = "ZFrustum", "ZFrustum\ZFrustum.vcxproj", "{5E704330-E97F-4E17-9B39-992EE19256C8}"
EndProject
Project("{8BC9CEB8-8B4A-11D0-8D11-00A0C91BC942}") = "QuadTree", "QuadTree\QuadTree.vcxproj", "{362A5627-23C1-412A-84E8-05AE7B29854F}"
EndProject
Project("{8BC9CEB8-8B4A-11D0-8D11-00A0C91BC942}") = "DrawRectangle", "DrawRectangle\DrawRectangle.vcxproj", "{C2E3A3C7-98B3-4F26-ABEC-87C5B8A05F66}"
EndProject
Global
	GlobalSection(SolutionConfigurationPlatforms) = preSolution
		Debug|x64 = Debug|x64
		Debug|x86 = Debug|x86
		Release|x64 = Release|x64
		Release|x86 = Release|x86
	EndGlobalSection
	GlobalSection(ProjectConfigurationPlatforms) = postSolution
		{F9B096A5-63E6-4385-943F-66A3F15DBC77}.Debug|x64.ActiveCfg = Debug|x64
		{F9B096A5-63E6-4385-943F-66A3F15DBC77}.Debug|x64.Build.0 = Debug|x64
		{F9B096A5-63E6-4385-943F-66A3F15DBC77}.Debug|x86.ActiveCfg = Debug|Win32
		{F9B096A5-63E6-4385-943F-66A3F15DBC77}.Debug|x86.Build.0 = Debug|Win32
		{F9B096A5-63E6-4385-943F-66A3F15DBC77}.Release|x64.ActiveCfg = Release|x64
		{F9B096A5-63E6-4385-943F-66A3F15DBC77}.Release|x64.Build.0 = Release|x64
		{F9B096A5-63E6-4385-943F-66A3F15DBC77}.Release|x86.ActiveCfg = Release|Win32
		{F9B096A5-63E6-4385-943F-66A3F15DBC77}.Release|x86.Build.0 = Release|Win32
		{ABDFAC14-3921-448D-9CD3-FE83C447BFBA}.Debug|x64.ActiveCfg = Debug|x64
		{ABDFAC14-3921-448D-9CD3-FE83C447BFBA}.Debug|x64.Build.0 = Debug|x64
		{ABDFAC14-3921-448D-9CD3-FE83C447BFBA}.Debug|x86.ActiveCfg = Debug|Win32
		{ABDFAC14-3921-448D-9CD3-FE83C447BFBA}.Debug|x86.Build.0 = Debug|Win32
		{ABDFAC14-3921-448D-9CD3-FE83C447BFBA}.Release|x64.ActiveCfg = Release|x64
		{ABDFAC14-3921-448D-9CD3-FE83C447BFBA}.Release|x64.Build.0 = Release|x64
		{ABDFAC14-3921-448D-9CD3-FE83C447BFBA}.Release|x86.ActiveCfg = Release|Win32
		{ABDFAC14-3921-448D-9CD3-FE83C447BFBA}.Release|x86.Build.0 = Release|Win32
		{6AC0CF9F-4FB7-4702-B940-0E75AD6C03D8}.Debug|x64.ActiveCfg = Debug|x64
		{6AC0CF9F-4FB7-4702-B940-0E75AD6C03D8}.Debug|x64.Build.0 = Debug|x64
		{6AC0CF9F-4FB7-4702-B940-0E75AD6C03D8}.Debug|x86.ActiveCfg = Debug|Win32
		{6AC0CF9F-4FB7-4702-B940-0E75AD6C03D8}.Debug|x86.Build.0 = Debug|Win32
		{6AC0CF9F-4FB7-4702-B940-0E75AD6C03D8}.Release|x64.ActiveCfg = Release|x64
		{6AC0CF9F-4FB7-4702-B940-0E75AD6C03D8}.Release|x64.Build.0 = Release|x64
		{6AC0CF9F-4FB7-4702-B940-0E75AD6C03D8}.Release|x86.ActiveCfg = Release|Win32
		{6AC0CF9F-4FB7-4702-B940-0E75AD6C03D8}.Release|x86.Build.0 = Release|Win32
		{87C7BE1A-F73C-4B8E-A9D1-BEB5E1E6742B}.Debug|x64.ActiveCfg = Debug|x64
		{87C7BE1A-F73C-4B8E-A9D1-BEB5E1E6742B}.Debug|x64.Build.0 = Debug|x64
		{87C7BE1A-F73C-4B8E-A9D1-BEB5E1E6742B}.Debug|x86.ActiveCfg = Debug|Win32
		{87C7BE1A-F73C-4B8E-A9D1-BEB5E1E6742B}.Debug|x86.Build.0 = Debug|Win32
		{87C7BE1A-F73C-4B8E-A9D1-BEB5E1E6742B}.Release|x64.ActiveCfg = Release|x64
		{87C7BE1A-F73C-4B8E-A9D1-BEB5E1E6742B}.Release|x64.Build.0 = Release|x64
		{87C7BE1A-F73C-4B8E-A9D1-BEB5E1E6742B}.Release|x86.ActiveCfg = Release|Win32
		{87C7BE1A-F73C-4B8E-A9D1-BEB5E1E6742B}.Release|x86.Build.0 = Release|Win32
		{BC693DB4-437A-41A1-8264-2AEE9E26937C}.Debug|x64.ActiveCfg = Debug|x64
		{BC693DB4-437A-41A1-8264-2AEE9E26937C}.Debug|x64.Build.0 = Debug|x64
		{BC693DB4-437A-41A1-8264-2AEE9E26937C}.Debug|x86.ActiveCfg = Debug|Win32
		{BC693DB4-437A-41A1-8264-2AEE9E26937C}.Debug|x86.Build.0 = Debug|Win32
		{BC693DB4-437A-41A1-8264-2AEE9E26937C}.Release|x64.ActiveCfg = Release|x64
		{BC693DB4-437A-41A1-8264-2AEE9E26937C}.Release|x64.Build.0 = Release|x64
		{BC693DB4-437A-41A1-8264-2AEE9E26937C}.Release|x86.ActiveCfg = Release|Win32
		{BC693DB4-437A-41A1-8264-2AEE9E26937C}.Release|x86.Build.0 = Release|Win32
		{26935EF4-9A84-450E-898C-2A0C2199A2D0}.Debug|x64.ActiveCfg = Debug|x64
		{26935EF4-9A84-450E-898C-2A0C2199A2D0}.Debug|x64.Build.0 = Debug|x64
		{26935EF4-9A84-450E-898C-2A0C2199A2D0}.Debug|x86.ActiveCfg = Debug|Win32
		{26935EF4-9A84-450E-898C-2A0C2199A2D0}.Debug|x86.Build.0 = Debug|Win32
		{26935EF4-9A84-450E-898C-2A0C2199A2D0}.Release|x64.ActiveCfg = Release|x64
		{26935EF4-9A84-450E-898C-2A0C2199A2D0}.Release|x64.Build.0 = Release|x64
		{26935EF4-9A84-450E-898C-2A0C2199A2D0}.Release|x86.ActiveCfg = Release|Win32
		{26935EF4-9A84-450E-898C-2A0C2199A2D0}.Release|x86.Build.0 = Release|Win32
		{B2816A44-C1D2-482A-B490-FE8A74DFA76E}.Debug|x64.ActiveCfg = Debug|x64
		{B2816A44-C1D2-482A-B490-FE8A74DFA76E}.Debug|x64.Build.0 = Debug|x64
		{B2816A44-C1D2-482A-B490-FE8A74DFA76E}.Debug|x86.ActiveCfg = Debug|Win32
		{B2816A44-C1D2-482A-B490-FE8A74DFA76E}.Debug|x86.Build.0 = Debug|Win32
		{B2816A44-C1D2-482A-B490-FE8A74DFA76E}.Release|x64.ActiveCfg = Release|x64
		{B2816A44-C1D2-482A-B490-FE8A74DFA76E}.Release|x64.Build.0 = Release|x64
		{B2816A44-C1D2-482A-B490-FE8A74DFA76E}.Release|x86.ActiveCfg = Release|Win32
		{B2816A44-C1D2-482A-B490-FE8A74DFA76E}.Release|x86.Build.0 = Release|Win32
		{E9AB061B-7688-427E-B29C-30FDD5E8EF38}.Debug|x64.ActiveCfg = Debug|x64
		{E9AB061B-7688-427E-B29C-30FDD5E8EF38}.Debug|x64.Build.0 = Debug|x64
		{E9AB061B-7688-427E-B29C-30FDD5E8EF38}.Debug|x86.ActiveCfg = Debug|Win32
		{E9AB061B-7688-427E-B29C-30FDD5E8EF38}.Debug|x86.Build.0 = Debug|Win32
		{E9AB061B-7688-427E-B29C-30FDD5E8EF38}.Release|x64.ActiveCfg = Release|x64
		{E9AB061B-7688-427E-B29C-30FDD5E8EF38}.Release|x64.Build.0 = Release|x64
		{E9AB061B-7688-427E-B29C-30FDD5E8EF38}.Release|x86.ActiveCfg = Release|Win32
		{E9AB061B-7688-427E-B29C-30FDD5E8EF38}.Release|x86.Build.0 = Release|Win32
		{87B6FB8A-1880-480C-A251-0CB2E2D91FE8}.Debug|x64.ActiveCfg = Debug|x64
		{87B6FB8A-1880-480C-A251-0CB2E2D91FE8}.Debug|x64.Build.0 = Debug|x64
		{87B6FB8A-1880-480C-A251-0CB2E2D91FE8}.Debug|x86.ActiveCfg = Debug|Win32
		{87B6FB8A-1880-480C-A251-0CB2E2D91FE8}.Debug|x86.Build.0 = Debug|Win32
		{87B6FB8A-1880-480C-A251-0CB2E2D91FE8}.Release|x64.ActiveCfg = Release|x64
		{87B6FB8A-1880-480C-A251-0CB2E2D91FE8}.Release|x64.Build.0 = Release|x64
		{87B6FB8A-1880-480C-A251-0CB2E2D91FE8}.Release|x86.ActiveCfg = Release|Win32
		{87B6FB8A-1880-480C-A251-0CB2E2D91FE8}.Release|x86.Build.0 = Release|Win32
		{FEE8F717-590C-43CC-866E-0783328E519E}.Debug|x64.ActiveCfg = Debug|x64
		{FEE8F717-590C-43CC-866E-0783328E519E}.Debug|x64.Build.0 = Debug|x64
		{FEE8F717-590C-43CC-866E-0783328E519E}.Debug|x86.ActiveCfg = Debug|Win32
		{FEE8F717-590C-43CC-866E-0783328E519E}.Debug|x86.Build.0 = Debug|Win32
		{FEE8F717-590C-43CC-866E-0783328E519E}.Release|x64.ActiveCfg = Release|x64
		{FEE8F717-590C-43CC-866E-0783328E519E}.Release|x64.Build.0 = Release|x64
		{FEE8F717-590C-43CC-866E-0783328E519E}.Release|x86.ActiveCfg = Release|Win32
		{FEE8F717-590C-43CC-866E-0783328E519E}.Release|x86.Build.0 = Release|Win32
		{7D6AB8B3-4BB9-4767-83F5-4F5AC3800532}.Debug|x64.ActiveCfg = Debug|x64
		{7D6AB8B3-4BB9-4767-83F5-4F5AC3800532}.Debug|x64.Build.0 = Debug|x64
		{7D6AB8B3-4BB9-4767-83F5-4F5AC3800532}.Debug|x86.ActiveCfg = Debug|Win32
		{7D6AB8B3-4BB9-4767-83F5-4F5AC3800532}.Debug|x86.Build.0 = Debug|Win32
		{7D6AB8B3-4BB9-4767-83F5-4F5AC3800532}.Release|x64.ActiveCfg = Release|x64
		{7D6AB8B3-4BB9-4767-83F5-4F5AC3800532}.Release|x64.Build.0 = Release|x64
		{7D6AB8B3-4BB9-4767-83F5-4F5AC3800532}.Release|x86.ActiveCfg = Release|Win32
		{7D6AB8B3-4BB9-4767-83F5-4F5AC3800532}.Release|x86.Build.0 = Release|Win32
		{5A059211-FE0A-4B65-BAC7-5FA5A9E3B74B}.Debug|x64.ActiveCfg = Debug|x64
		{5A059211-FE0A-4B65-BAC7-5FA5A9E3B74B}.Debug|x64.Build.0 = Debug|x64
		{5A059211-FE0A-4B65-BAC7-5FA5A9E3B74B}.Debug|x86.ActiveCfg = Debug|Win32
		{5A059211-FE0A-4B65-BAC7-5FA5A9E3B74B}.Debug|x86.Build.0 = Debug|Win32
		{5A059211-FE0A-4B65-BAC7-5FA5A9E3B74B}.Release|x64.ActiveCfg = Release|x64
		{5A059211-FE0A-4B65-BAC7-5FA5A9E3B74B}.Release|x64.Build.0 = Release|x64
		{5A059211-FE0A-4B65-BAC7-5FA5A9E3B74B}.Release|x86.ActiveCfg = Release|Win32
		{5A059211-FE0A-4B65-BAC7-5FA5A9E3B74B}.Release|x86.Build.0 = Release|Win32
		{87495C4E-3A41-42AD-9B12-F9404C909AC7}.Debug|x64.ActiveCfg = Debug|x64
		{87495C4E-3A41-42AD-9B12-F9404C909AC7}.Debug|x64.Build.0 = Debug|x64
		{87495C4E-3A41-42AD-9B12-F9404C909AC7}.Debug|x86.ActiveCfg = Debug|Win32
		{87495C4E-3A41-42AD-9B12-F9404C909AC7}.Debug|x86.Build.0 = Debug|Win32
		{87495C4E-3A41-42AD-9B12-F9404C909AC7}.Release|x64.ActiveCfg = Release|x64
		{87495C4E-3A41-42AD-9B12-F9404C909AC7}.Release|x64.Build.0 = Release|x64
		{87495C4E-3A41-42AD-9B12-F9404C909AC7}.Release|x86.ActiveCfg = Release|Win32
		{87495C4E-3A41-42AD-9B12-F9404C909AC7}.Release|x86.Build.0 = Release|Win32
		{ABDA61A8-8291-42C5-B3F0-BE7B0C9ED3D3}.Debug|x64.ActiveCfg = Debug|x64
		{ABDA61A8-8291-42C5-B3F0-BE7B0C9ED3D3}.Debug|x64.Build.0 = Debug|x64
		{ABDA61A8-8291-42C5-B3F0-BE7B0C9ED3D3}.Debug|x86.ActiveCfg = Debug|Win32
		{ABDA61A8-8291-42C5-B3F0-BE7B0C9ED3D3}.Debug|x86.Build.0 = Debug|Win32
		{ABDA61A8-8291-42C5-B3F0-BE7B0C9ED3D3}.Release|x64.ActiveCfg = Release|x64
		{ABDA61A8-8291-42C5-B3F0-BE7B0C9ED3D3}.Release|x64.Build.0 = Release|x64
		{ABDA61A8-8291-42C5-B3F0-BE7B0C9ED3D3}.Release|x86.ActiveCfg = Release|Win32
		{ABDA61A8-8291-42C5-B3F0-BE7B0C9ED3D3}.Release|x86.Build.0 = Release|Win32
		{BD9423DC-EE36-4222-986A-57DD1CA99F3A}.Debug|x64.ActiveCfg = Debug|x64
		{BD9423DC-EE36-4222-986A-57DD1CA99F3A}.Debug|x64.Build.0 = Debug|x64
		{BD9423DC-EE36-4222-986A-57DD1CA99F3A}.Debug|x86.ActiveCfg = Debug|Win32
		{BD9423DC-EE36-4222-986A-57DD1CA99F3A}.Debug|x86.Build.0 = Debug|Win32
		{BD9423DC-EE36-4222-986A-57DD1CA99F3A}.Release|x64.ActiveCfg = Release|x64
		{BD9423DC-EE36-4222-986A-57DD1CA99F3A}.Release|x64.Build.0 = Release|x64
		{BD9423DC-EE36-4222-986A-57DD1CA99F3A}.Release|x86.ActiveCfg = Release|Win32
		{BD9423DC-EE36-4222-986A-57DD1CA99F3A}.Release|x86.Build.0 = Release|Win32
		{5E704330-E97F-4E17-9B39-992EE19256C8}.Debug|x64.ActiveCfg = Debug|x64
		{5E704330-E97F-4E17-9B39-992EE19256C8}.Debug|x64.Build.0 = Debug|x64
		{5E704330-E97F-4E17-9B39-992EE19256C8}.Debug|x86.ActiveCfg = Debug|Win32
		{5E704330-E97F-4E17-9B39-992EE19256C8}.Debug|x86.Build.0 = Debug|Win32
		{5E704330-E97F-4E17-9B39-992EE19256C8}.Release|x64.ActiveCfg = Release|x64
		{5E704330-E97F-4E17-9B39-992EE19256C8}.Release|x64.Build.0 = Release|x64
		{5E704330-E97F-4E17-9B39-992EE19256C8}.Release|x86.ActiveCfg = Release|Win32
		{5E704330-E97F-4E17-9B39-992EE19256C8}.Release|x86.Build.0 = Release|Win32
		{362A5627-23C1-412A-84E8-05AE7B29854F}.Debug|x64.ActiveCfg = Debug|x64
		{362A5627-23C1-412A-84E8-05AE7B29854F}.Debug|x64.Build.0 = Debug|x64
		{362A5627-23C1-412A-84E8-05AE7B29854F}.Debug|x86.ActiveCfg = Debug|Win32
		{362A5627-23C1-412A-84E8-05AE7B29854F}.Debug|x86.Build.0 = Debug|Win32
		{362A5627-23C1-412A-84E8-05AE7B29854F}.Release|x64.ActiveCfg = Release|x64
		{362A5627-23C1-412A-84E8-05AE7B29854F}.Release|x64.Build.0 = Release|x64
		{362A5627-23C1-412A-84E8-05AE7B29854F}.Release|x86.ActiveCfg = Release|Win32
		{362A5627-23C1-412A-84E8-05AE7B29854F}.Release|x86.Build.0 = Release|Win32
		{C2E3A3C7-98B3-4F26-ABEC-87C5B8A05F66}.Debug|x64.ActiveCfg = Debug|x64
		{C2E3A3C7-98B3-4F26-ABEC-87C5B8A05F66}.Debug|x64.Build.0 = Debug|x64
		{C2E3A3C7-98B3-4F26-ABEC-87C5B8A05F66}.Debug|x86.ActiveCfg = Debug|Win32
		{C2E3A3C7-98B3-4F26-ABEC-87C5B8A05F66}.Debug|x86.Build.0 = Debug|Win32
		{C2E3A3C7-98B3-4F26-ABEC-87C5B8A05F66}.Release|x64.ActiveCfg = Release|x64
		{C2E3A3C7-98B3-4F26-ABEC-87C5B8A05F66}.Release|x64.Build.0 = Release|x64
		{C2E3A3C7-98B3-4F26-ABEC-87C5B8A05F66}.Release|x86.ActiveCfg = Release|Win32
		{C2E3A3C7-98B3-4F26-ABEC-87C5B8A05F66}.Release|x86.Build.0 = Release|Win32
	EndGlobalSection
	GlobalSection(SolutionProperties) = preSolution
		HideSolutionNode = FALSE
	EndGlobalSection
EndGlobal
